
Microsoft Visual Studio Solution File, Format Version 12.00
# Visual Studio 2013
VisualStudioVersion = 12.0.30723.0
MinimumVisualStudioVersion = 10.0.40219.1
Project("{8BC9CEB8-8B4A-11D0-8D11-00A0C91BC942}") = "GroupProject", "GroupProject\GroupProject.vcxproj", "{B1F465D5-99B0-48EE-AE3F-DFB18606A863}"
EndProject
Project("{8BC9CEB8-8B4A-11D0-8D11-00A0C91BC942}") = "GroupProject.Test", "GroupProject.Tests\GroupProject.Tests.vcxproj", "{088209B2-8CA0-40FB-BD1C-70DBA3C8E6C6}"
EndProject
Global
	GlobalSection(SolutionConfigurationPlatforms) = preSolution
		Debug|Win32 = Debug|Win32
		Release|Win32 = Release|Win32
	EndGlobalSection
	GlobalSection(ProjectConfigurationPlatforms) = postSolution
		{B1F465D5-99B0-48EE-AE3F-DFB18606A863}.Debug|Win32.ActiveCfg = Debug|Win32
		{B1F465D5-99B0-48EE-AE3F-DFB18606A863}.Debug|Win32.Build.0 = Debug|Win32
		{B1F465D5-99B0-48EE-AE3F-DFB18606A863}.Release|Win32.ActiveCfg = Release|Win32
		{B1F465D5-99B0-48EE-AE3F-DFB18606A863}.Release|Win32.Build.0 = Release|Win32
		{088209B2-8CA0-40FB-BD1C-70DBA3C8E6C6}.Debug|Win32.ActiveCfg = Debug|Win32
		{088209B2-8CA0-40FB-BD1C-70DBA3C8E6C6}.Debug|Win32.Build.0 = Debug|Win32
		{088209B2-8CA0-40FB-BD1C-70DBA3C8E6C6}.Release|Win32.ActiveCfg = Release|Win32
		{088209B2-8CA0-40FB-BD1C-70DBA3C8E6C6}.Release|Win32.Build.0 = Release|Win32
	EndGlobalSection
	GlobalSection(SolutionProperties) = preSolution
		HideSolutionNode = FALSE
	EndGlobalSection
EndGlobal
